
Microsoft Visual Studio Solution File, Format Version 12.00
# Visual Studio Version 16
VisualStudioVersion = 16.0.30523.141
MinimumVisualStudioVersion = 10.0.40219.1
Project("{FAE04EC0-301F-11D3-BF4B-00C04F79EFBC}") = "task_3_string_forms", "task_3_string_forms\task_3_string_forms.csproj", "{91D0DE16-1AE5-4DDC-A18D-8D61EB91FE3B}"
EndProject
Global
	GlobalSection(SolutionConfigurationPlatforms) = preSolution
		Debug|Any CPU = Debug|Any CPU
		Release|Any CPU = Release|Any CPU
	EndGlobalSection
	GlobalSection(ProjectConfigurationPlatforms) = postSolution
		{91D0DE16-1AE5-4DDC-A18D-8D61EB91FE3B}.Debug|Any CPU.ActiveCfg = Debug|Any CPU
		{91D0DE16-1AE5-4DDC-A18D-8D61EB91FE3B}.Debug|Any CPU.Build.0 = Debug|Any CPU
		{91D0DE16-1AE5-4DDC-A18D-8D61EB91FE3B}.Release|Any CPU.ActiveCfg = Release|Any CPU
		{91D0DE16-1AE5-4DDC-A18D-8D61EB91FE3B}.Release|Any CPU.Build.0 = Release|Any CPU
	EndGlobalSection
	GlobalSection(SolutionProperties) = preSolution
		HideSolutionNode = FALSE
	EndGlobalSection
	GlobalSection(ExtensibilityGlobals) = postSolution
		SolutionGuid = {57C42528-1E79-4527-9E21-B856C19A20ED}
	EndGlobalSection
EndGlobal
